
Microsoft Visual Studio Solution File, Format Version 12.00
# Visual Studio Version 16
VisualStudioVersion = 16.0.30523.141
MinimumVisualStudioVersion = 10.0.40219.1
Project("{9A19103F-16F7-4668-BE54-9A1E7A4F7556}") = "FreshFruit", "FreshFruit\FreshFruit.csproj", "{99BCBE00-5289-41B7-AAE8-0B7F49A07F90}"
EndProject
Project("{2150E333-8FDC-42A3-9474-1A3956D46DE8}") = "Solution Items", "Solution Items", "{C2D21EA6-2FBB-4DFB-9CAF-93BEE6D274C5}"
	ProjectSection(SolutionItems) = preProject
		Readme.md = Readme.md
	EndProjectSection
EndProject
Global
	GlobalSection(SolutionConfigurationPlatforms) = preSolution
		Debug|Any CPU = Debug|Any CPU
		Release|Any CPU = Release|Any CPU
	EndGlobalSection
	GlobalSection(ProjectConfigurationPlatforms) = postSolution
		{99BCBE00-5289-41B7-AAE8-0B7F49A07F90}.Debug|Any CPU.ActiveCfg = Debug|Any CPU
		{99BCBE00-5289-41B7-AAE8-0B7F49A07F90}.Debug|Any CPU.Build.0 = Debug|Any CPU
		{99BCBE00-5289-41B7-AAE8-0B7F49A07F90}.Release|Any CPU.ActiveCfg = Release|Any CPU
		{99BCBE00-5289-41B7-AAE8-0B7F49A07F90}.Release|Any CPU.Build.0 = Release|Any CPU
	EndGlobalSection
	GlobalSection(SolutionProperties) = preSolution
		HideSolutionNode = FALSE
	EndGlobalSection
	GlobalSection(ExtensibilityGlobals) = postSolution
		SolutionGuid = {0255D8C8-D0D0-49CB-A481-38A0E06237F2}
	EndGlobalSection
EndGlobal
